
Microsoft Visual Studio Solution File, Format Version 12.00
# Visual Studio Version 17
VisualStudioVersion = 17.3.32811.315
MinimumVisualStudioVersion = 10.0.40219.1
Project("{FAE04EC0-301F-11D3-BF4B-00C04F79EFBC}") = "ConsoleApp35", "ConsoleApp35\ConsoleApp35.csproj", "{FE5FD136-C033-43DB-8C6D-E9C6A70B5FED}"
EndProject
Global
	GlobalSection(SolutionConfigurationPlatforms) = preSolution
		Debug|Any CPU = Debug|Any CPU
		Release|Any CPU = Release|Any CPU
	EndGlobalSection
	GlobalSection(ProjectConfigurationPlatforms) = postSolution
		{FE5FD136-C033-43DB-8C6D-E9C6A70B5FED}.Debug|Any CPU.ActiveCfg = Debug|Any CPU
		{FE5FD136-C033-43DB-8C6D-E9C6A70B5FED}.Debug|Any CPU.Build.0 = Debug|Any CPU
		{FE5FD136-C033-43DB-8C6D-E9C6A70B5FED}.Release|Any CPU.ActiveCfg = Release|Any CPU
		{FE5FD136-C033-43DB-8C6D-E9C6A70B5FED}.Release|Any CPU.Build.0 = Release|Any CPU
	EndGlobalSection
	GlobalSection(SolutionProperties) = preSolution
		HideSolutionNode = FALSE
	EndGlobalSection
	GlobalSection(ExtensibilityGlobals) = postSolution
		SolutionGuid = {B66B884F-C86B-4399-A94F-8B24CD8FFEE5}
	EndGlobalSection
EndGlobal
